version = 1
revision = 2
requires-python = ">=3.12"

[[package]]
name = "fuzzywuzzy"
version = "0.18.0"
source = { registry = "https://pypi.org/simple" }
sdist = { url = "https://files.pythonhosted.org/packages/11/4b/0a002eea91be6048a2b5d53c5f1b4dafd57ba2e36eea961d05086d7c28ce/fuzzywuzzy-0.18.0.tar.gz", hash = "sha256:45016e92264780e58972dca1b3d939ac864b78437422beecebb3095f8efd00e8", size = 28888, upload-time = "2020-02-13T21:06:27.054Z" }
wheels = [
    { url = "https://files.pythonhosted.org/packages/43/ff/74f23998ad2f93b945c0309f825be92e04e0348e062026998b5eefef4c33/fuzzywuzzy-0.18.0-py2.py3-none-any.whl", hash = "sha256:928244b28db720d1e0ee7587acf660ea49d7e4c632569cad4f1cd7e68a5f0993", size = 18272, upload-time = "2020-02-13T21:06:25.209Z" },
]

[[package]]
name = "levenshtein"
version = "0.27.1"
source = { registry = "https://pypi.org/simple" }
dependencies = [
    { name = "rapidfuzz" },
]
sdist = { url = "https://files.pythonhosted.org/packages/7e/b3/b5f8011483ba9083a0bc74c4d58705e9cf465fbe55c948a1b1357d0a2aa8/levenshtein-0.27.1.tar.gz", hash = "sha256:3e18b73564cfc846eec94dd13fab6cb006b5d2e0cc56bad1fd7d5585881302e3", size = 382571, upload-time = "2025-03-02T19:44:56.148Z" }
wheels = [
    { url = "https://files.pythonhosted.org/packages/0d/73/84a7126b9e6441c2547f1fbfd65f3c15c387d1fc04e0dd1d025a12107771/levenshtein-0.27.1-cp312-cp312-macosx_10_13_x86_64.whl", hash = "sha256:25fb540d8c55d1dc7bdc59b7de518ea5ed9df92eb2077e74bcb9bb6de7b06f69", size = 173953, upload-time = "2025-03-02T19:43:16.029Z" },
    { url = "https://files.pythonhosted.org/packages/8f/5c/06c01870c0cf336f9f29397bbfbfbbfd3a59918868716e7bb15828e89367/levenshtein-0.27.1-cp312-cp312-macosx_11_0_arm64.whl", hash = "sha256:f09cfab6387e9c908c7b37961c045e8e10eb9b7ec4a700367f8e080ee803a562", size = 156399, upload-time = "2025-03-02T19:43:17.233Z" },
    { url = "https://files.pythonhosted.org/packages/c7/4a/c1d3f27ec8b3fff5a96617251bf3f61c67972869ac0a0419558fc3e2cbe6/levenshtein-0.27.1-cp312-cp312-manylinux_2_17_aarch64.manylinux2014_aarch64.whl", hash = "sha256:dafa29c0e616f322b574e0b2aeb5b1ff2f8d9a1a6550f22321f3bd9bb81036e3", size = 151061, upload-time = "2025-03-02T19:43:18.414Z" },
    { url = "https://files.pythonhosted.org/packages/4d/8f/2521081e9a265891edf46aa30e1b59c1f347a452aed4c33baafbec5216fa/levenshtein-0.27.1-cp312-cp312-manylinux_2_17_ppc64le.manylinux2014_ppc64le.whl", hash = "sha256:be7a7642ea64392fa1e6ef7968c2e50ef2152c60948f95d0793361ed97cf8a6f", size = 183119, upload-time = "2025-03-02T19:43:19.975Z" },
    { url = "https://files.pythonhosted.org/packages/1f/a0/a63e3bce6376127596d04be7f57e672d2f3d5f540265b1e30b9dd9b3c5a9/levenshtein-0.27.1-cp312-cp312-manylinux_2_17_s390x.manylinux2014_s390x.whl", hash = "sha256:060b48c45ed54bcea9582ce79c6365b20a1a7473767e0b3d6be712fa3a22929c", size = 185352, upload-time = "2025-03-02T19:43:21.424Z" },
    { url = "https://files.pythonhosted.org/packages/17/8c/8352e992063952b38fb61d49bad8d193a4a713e7eeceb3ae74b719d7863d/levenshtein-0.27.1-cp312-cp312-manylinux_2_17_x86_64.manylinux2014_x86_64.whl", hash = "sha256:712f562c5e64dd0398d3570fe99f8fbb88acec7cc431f101cb66c9d22d74c542", size = 159879, upload-time = "2025-03-02T19:43:22.792Z" },
    { url = "https://files.pythonhosted.org/packages/69/b4/564866e2038acf47c3de3e9292fc7fc7cc18d2593fedb04f001c22ac6e15/levenshtein-0.27.1-cp312-cp312-manylinux_2_5_i686.manylinux1_i686.manylinux_2_17_i686.manylinux2014_i686.whl", hash = "sha256:a6141ad65cab49aa4527a3342d76c30c48adb2393b6cdfeca65caae8d25cb4b8", size = 245005, upload-time = "2025-03-02T19:43:24.069Z" },
    { url = "https://files.pythonhosted.org/packages/ba/f9/7367f87e3a6eed282f3654ec61a174b4d1b78a7a73f2cecb91f0ab675153/levenshtein-0.27.1-cp312-cp312-musllinux_1_2_aarch64.whl", hash = "sha256:799b8d73cda3265331116f62932f553804eae16c706ceb35aaf16fc2a704791b", size = 1116865, upload-time = "2025-03-02T19:43:25.4Z" },
    { url = "https://files.pythonhosted.org/packages/f5/02/b5b3bfb4b4cd430e9d110bad2466200d51c6061dae7c5a64e36047c8c831/levenshtein-0.27.1-cp312-cp312-musllinux_1_2_i686.whl", hash = "sha256:ec99871d98e517e1cc4a15659c62d6ea63ee5a2d72c5ddbebd7bae8b9e2670c8", size = 1401723, upload-time = "2025-03-02T19:43:28.099Z" },
    { url = "https://files.pythonhosted.org/packages/ef/69/b93bccd093b3f06a99e67e11ebd6e100324735dc2834958ba5852a1b9fed/levenshtein-0.27.1-cp312-cp312-musllinux_1_2_ppc64le.whl", hash = "sha256:8799164e1f83588dbdde07f728ea80796ea72196ea23484d78d891470241b222", size = 1226276, upload-time = "2025-03-02T19:43:30.192Z" },
    { url = "https://files.pythonhosted.org/packages/ab/32/37dd1bc5ce866c136716619e6f7081d7078d7dd1c1da7025603dcfd9cf5f/levenshtein-0.27.1-cp312-cp312-musllinux_1_2_s390x.whl", hash = "sha256:583943813898326516ab451a83f734c6f07488cda5c361676150d3e3e8b47927", size = 1420132, upload-time = "2025-03-02T19:43:33.322Z" },
    { url = "https://files.pythonhosted.org/packages/4b/08/f3bc828dd9f0f8433b26f37c4fceab303186ad7b9b70819f2ccb493d99fc/levenshtein-0.27.1-cp312-cp312-musllinux_1_2_x86_64.whl", hash = "sha256:5bb22956af44bb4eade93546bf95be610c8939b9a9d4d28b2dfa94abf454fed7", size = 1189144, upload-time = "2025-03-02T19:43:34.814Z" },
    { url = "https://files.pythonhosted.org/packages/2d/54/5ecd89066cf579223d504abe3ac37ba11f63b01a19fd12591083acc00eb6/levenshtein-0.27.1-cp312-cp312-win32.whl", hash = "sha256:d9099ed1bcfa7ccc5540e8ad27b5dc6f23d16addcbe21fdd82af6440f4ed2b6d", size = 88279, upload-time = "2025-03-02T19:43:38.86Z" },
    { url = "https://files.pythonhosted.org/packages/53/79/4f8fabcc5aca9305b494d1d6c7a98482e90a855e0050ae9ff5d7bf4ab2c6/levenshtein-0.27.1-cp312-cp312-win_amd64.whl", hash = "sha256:7f071ecdb50aa6c15fd8ae5bcb67e9da46ba1df7bba7c6bf6803a54c7a41fd96", size = 100659, upload-time = "2025-03-02T19:43:40.082Z" },
    { url = "https://files.pythonhosted.org/packages/cb/81/f8e4c0f571c2aac2e0c56a6e0e41b679937a2b7013e79415e4aef555cff0/levenshtein-0.27.1-cp312-cp312-win_arm64.whl", hash = "sha256:83b9033a984ccace7703f35b688f3907d55490182fd39b33a8e434d7b2e249e6", size = 88168, upload-time = "2025-03-02T19:43:41.42Z" },
    { url = "https://files.pythonhosted.org/packages/c6/d3/30485fb9aee848542ee2d01aba85106a7f5da982ebeeffc619f70ea593c7/levenshtein-0.27.1-cp313-cp313-macosx_10_13_x86_64.whl", hash = "sha256:ab00c2cae2889166afb7e1af64af2d4e8c1b126f3902d13ef3740df00e54032d", size = 173397, upload-time = "2025-03-02T19:43:42.553Z" },
    { url = "https://files.pythonhosted.org/packages/df/9f/40a81c54cfe74b22737710e654bd25ad934a675f737b60b24f84099540e0/levenshtein-0.27.1-cp313-cp313-macosx_11_0_arm64.whl", hash = "sha256:c27e00bc7527e282f7c437817081df8da4eb7054e7ef9055b851fa3947896560", size = 155787, upload-time = "2025-03-02T19:43:43.864Z" },
    { url = "https://files.pythonhosted.org/packages/df/98/915f4e24e21982b6eca2c0203546c160f4a83853fa6a2ac6e2b208a54afc/levenshtein-0.27.1-cp313-cp313-manylinux_2_17_aarch64.manylinux2014_aarch64.whl", hash = "sha256:a5b07de42bfc051136cc8e7f1e7ba2cb73666aa0429930f4218efabfdc5837ad", size = 150013, upload-time = "2025-03-02T19:43:45.134Z" },
    { url = "https://files.pythonhosted.org/packages/80/93/9b0773107580416b9de14bf6a12bd1dd2b2964f7a9f6fb0e40723e1f0572/levenshtein-0.27.1-cp313-cp313-manylinux_2_17_ppc64le.manylinux2014_ppc64le.whl", hash = "sha256:fb11ad3c9dae3063405aa50d9c96923722ab17bb606c776b6817d70b51fd7e07", size = 181234, upload-time = "2025-03-02T19:43:47.125Z" },
    { url = "https://files.pythonhosted.org/packages/91/b1/3cd4f69af32d40de14808142cc743af3a1b737b25571bd5e8d2f46b885e0/levenshtein-0.27.1-cp313-cp313-manylinux_2_17_s390x.manylinux2014_s390x.whl", hash = "sha256:5c5986fb46cb0c063305fd45b0a79924abf2959a6d984bbac2b511d3ab259f3f", size = 183697, upload-time = "2025-03-02T19:43:48.412Z" },
    { url = "https://files.pythonhosted.org/packages/bb/65/b691e502c6463f6965b7e0d8d84224c188aa35b53fbc85853c72a0e436c9/levenshtein-0.27.1-cp313-cp313-manylinux_2_17_x86_64.manylinux2014_x86_64.whl", hash = "sha256:75191e469269ddef2859bc64c4a8cfd6c9e063302766b5cb7e1e67f38cc7051a", size = 159964, upload-time = "2025-03-02T19:43:49.704Z" },
    { url = "https://files.pythonhosted.org/packages/0f/c0/89a922a47306a475fb6d8f2ab08668f143d3dc7dea4c39d09e46746e031c/levenshtein-0.27.1-cp313-cp313-manylinux_2_5_i686.manylinux1_i686.manylinux_2_17_i686.manylinux2014_i686.whl", hash = "sha256:51b3a7b2266933babc04e4d9821a495142eebd6ef709f90e24bc532b52b81385", size = 244759, upload-time = "2025-03-02T19:43:51.733Z" },
    { url = "https://files.pythonhosted.org/packages/b4/93/30283c6e69a6556b02e0507c88535df9613179f7b44bc49cdb4bc5e889a3/levenshtein-0.27.1-cp313-cp313-musllinux_1_2_aarch64.whl", hash = "sha256:bbac509794afc3e2a9e73284c9e3d0aab5b1d928643f42b172969c3eefa1f2a3", size = 1115955, upload-time = "2025-03-02T19:43:53.739Z" },
    { url = "https://files.pythonhosted.org/packages/0b/cf/7e19ea2c23671db02fbbe5a5a4aeafd1d471ee573a6251ae17008458c434/levenshtein-0.27.1-cp313-cp313-musllinux_1_2_i686.whl", hash = "sha256:8d68714785178347ecb272b94e85cbf7e638165895c4dd17ab57e7742d8872ec", size = 1400921, upload-time = "2025-03-02T19:43:55.146Z" },
    { url = "https://files.pythonhosted.org/packages/e3/f7/fb42bfe2f3b46ef91f0fc6fa217b44dbeb4ef8c72a9c1917bbbe1cafc0f8/levenshtein-0.27.1-cp313-cp313-musllinux_1_2_ppc64le.whl", hash = "sha256:8ee74ee31a5ab8f61cd6c6c6e9ade4488dde1285f3c12207afc018393c9b8d14", size = 1225037, upload-time = "2025-03-02T19:43:56.7Z" },
    { url = "https://files.pythonhosted.org/packages/74/25/c86f8874ac7b0632b172d0d1622ed3ab9608a7f8fe85d41d632b16f5948e/levenshtein-0.27.1-cp313-cp313-musllinux_1_2_s390x.whl", hash = "sha256:f2441b6365453ec89640b85344afd3d602b0d9972840b693508074c613486ce7", size = 1420601, upload-time = "2025-03-02T19:43:58.383Z" },
    { url = "https://files.pythonhosted.org/packages/20/fe/ebfbaadcd90ea7dfde987ae95b5c11dc27c2c5d55a2c4ccbbe4e18a8af7b/levenshtein-0.27.1-cp313-cp313-musllinux_1_2_x86_64.whl", hash = "sha256:a9be39640a46d8a0f9be729e641651d16a62b2c07d3f4468c36e1cc66b0183b9", size = 1188241, upload-time = "2025-03-02T19:44:00.976Z" },
    { url = "https://files.pythonhosted.org/packages/2e/1a/aa6b07316e10781a6c5a5a8308f9bdc22213dc3911b959daa6d7ff654fc6/levenshtein-0.27.1-cp313-cp313-win32.whl", hash = "sha256:a520af67d976761eb6580e7c026a07eb8f74f910f17ce60e98d6e492a1f126c7", size = 88103, upload-time = "2025-03-02T19:44:02.42Z" },
    { url = "https://files.pythonhosted.org/packages/9d/7b/9bbfd417f80f1047a28d0ea56a9b38b9853ba913b84dd5998785c5f98541/levenshtein-0.27.1-cp313-cp313-win_amd64.whl", hash = "sha256:7dd60aa49c2d8d23e0ef6452c8329029f5d092f386a177e3385d315cabb78f2a", size = 100579, upload-time = "2025-03-02T19:44:04.142Z" },
    { url = "https://files.pythonhosted.org/packages/8b/01/5f3ff775db7340aa378b250e2a31e6b4b038809a24ff0a3636ef20c7ca31/levenshtein-0.27.1-cp313-cp313-win_arm64.whl", hash = "sha256:149cd4f0baf5884ac5df625b7b0d281721b15de00f447080e38f5188106e1167", size = 87933, upload-time = "2025-03-02T19:44:05.364Z" },
]

[[package]]
name = "markdown-it-py"
version = "3.0.0"
source = { registry = "https://pypi.org/simple" }
dependencies = [
    { name = "mdurl" },
]
sdist = { url = "https://files.pythonhosted.org/packages/38/71/3b932df36c1a044d397a1f92d1cf91ee0a503d91e470cbd670aa66b07ed0/markdown-it-py-3.0.0.tar.gz", hash = "sha256:e3f60a94fa066dc52ec76661e37c851cb232d92f9886b15cb560aaada2df8feb", size = 74596, upload-time = "2023-06-03T06:41:14.443Z" }
wheels = [
    { url = "https://files.pythonhosted.org/packages/42/d7/1ec15b46af6af88f19b8e5ffea08fa375d433c998b8a7639e76935c14f1f/markdown_it_py-3.0.0-py3-none-any.whl", hash = "sha256:355216845c60bd96232cd8d8c40e8f9765cc86f46880e43a8fd22dc1a1a8cab1", size = 87528, upload-time = "2023-06-03T06:41:11.019Z" },
]

[[package]]
name = "mdurl"
version = "0.1.2"
source = { registry = "https://pypi.org/simple" }
sdist = { url = "https://files.pythonhosted.org/packages/d6/54/cfe61301667036ec958cb99bd3efefba235e65cdeb9c84d24a8293ba1d90/mdurl-0.1.2.tar.gz", hash = "sha256:bb413d29f5eea38f31dd4754dd7377d4465116fb207585f97bf925588687c1ba", size = 8729, upload-time = "2022-08-14T12:40:10.846Z" }
wheels = [
    { url = "https://files.pythonhosted.org/packages/b3/38/89ba8ad64ae25be8de66a6d463314cf1eb366222074cfda9ee839c56a4b4/mdurl-0.1.2-py3-none-any.whl", hash = "sha256:84008a41e51615a49fc9966191ff91509e3c40b939176e643fd50a5c2196b8f8", size = 9979, upload-time = "2022-08-14T12:40:09.779Z" },
]

[[package]]
name = "pygments"
version = "2.19.2"
source = { registry = "https://pypi.org/simple" }
sdist = { url = "https://files.pythonhosted.org/packages/b0/77/a5b8c569bf593b0140bde72ea885a803b82086995367bf2037de0159d924/pygments-2.19.2.tar.gz", hash = "sha256:636cb2477cec7f8952536970bc533bc43743542f70392ae026374600add5b887", size = 4968631, upload-time = "2025-06-21T13:39:12.283Z" }
wheels = [
    { url = "https://files.pythonhosted.org/packages/c7/21/705964c7812476f378728bdf590ca4b771ec72385c533964653c68e86bdc/pygments-2.19.2-py3-none-any.whl", hash = "sha256:86540386c03d588bb81d44bc3928634ff26449851e99741617ecb9037ee5ec0b", size = 1225217, upload-time = "2025-06-21T13:39:07.939Z" },
]

[[package]]
name = "python-levenshtein"
version = "0.27.1"
source = { registry = "https://pypi.org/simple" }
dependencies = [
    { name = "levenshtein" },
]
sdist = { url = "https://files.pythonhosted.org/packages/13/f6/d865a565b7eeef4b5f9a18accafb03d5730c712420fc84a3a40555f7ea6b/python_levenshtein-0.27.1.tar.gz", hash = "sha256:3a5314a011016d373d309a68e875fd029caaa692ad3f32e78319299648045f11", size = 12326, upload-time = "2025-03-02T19:47:25.641Z" }
wheels = [
    { url = "https://files.pythonhosted.org/packages/2a/95/8c8fd923b0a702388da4f9e0368f490d123cc5224279e6a083984304a15e/python_levenshtein-0.27.1-py3-none-any.whl", hash = "sha256:e1a4bc2a70284b2ebc4c505646142fecd0f831e49aa04ed972995895aec57396", size = 9426, upload-time = "2025-03-02T19:47:24.801Z" },
]

[[package]]
name = "rapidfuzz"
version = "3.13.0"
source = { registry = "https://pypi.org/simple" }
sdist = { url = "https://files.pythonhosted.org/packages/ed/f6/6895abc3a3d056b9698da3199b04c0e56226d530ae44a470edabf8b664f0/rapidfuzz-3.13.0.tar.gz", hash = "sha256:d2eaf3839e52cbcc0accbe9817a67b4b0fcf70aaeb229cfddc1c28061f9ce5d8", size = 57904226, upload-time = "2025-04-03T20:38:51.226Z" }
wheels = [
    { url = "https://files.pythonhosted.org/packages/13/4b/a326f57a4efed8f5505b25102797a58e37ee11d94afd9d9422cb7c76117e/rapidfuzz-3.13.0-cp312-cp312-macosx_10_13_x86_64.whl", hash = "sha256:4a1a6a906ba62f2556372282b1ef37b26bca67e3d2ea957277cfcefc6275cca7", size = 1989501, upload-time = "2025-04-03T20:36:13.43Z" },
    { url = "https://files.pythonhosted.org/packages/b7/53/1f7eb7ee83a06c400089ec7cb841cbd581c2edd7a4b21eb2f31030b88daa/rapidfuzz-3.13.0-cp312-cp312-macosx_11_0_arm64.whl", hash = "sha256:2fd0975e015b05c79a97f38883a11236f5a24cca83aa992bd2558ceaa5652b26", size = 1445379, upload-time = "2025-04-03T20:36:16.439Z" },
    { url = "https://files.pythonhosted.org/packages/07/09/de8069a4599cc8e6d194e5fa1782c561151dea7d5e2741767137e2a8c1f0/rapidfuzz-3.13.0-cp312-cp312-manylinux_2_17_aarch64.manylinux2014_aarch64.whl", hash = "sha256:5d4e13593d298c50c4f94ce453f757b4b398af3fa0fd2fde693c3e51195b7f69", size = 1405986, upload-time = "2025-04-03T20:36:18.447Z" },
    { url = "https://files.pythonhosted.org/packages/5d/77/d9a90b39c16eca20d70fec4ca377fbe9ea4c0d358c6e4736ab0e0e78aaf6/rapidfuzz-3.13.0-cp312-cp312-manylinux_2_17_i686.manylinux2014_i686.whl", hash = "sha256:ed6f416bda1c9133000009d84d9409823eb2358df0950231cc936e4bf784eb97", size = 5310809, upload-time = "2025-04-03T20:36:20.324Z" },
    { url = "https://files.pythonhosted.org/packages/1e/7d/14da291b0d0f22262d19522afaf63bccf39fc027c981233fb2137a57b71f/rapidfuzz-3.13.0-cp312-cp312-manylinux_2_17_ppc64le.manylinux2014_ppc64le.whl", hash = "sha256:1dc82b6ed01acb536b94a43996a94471a218f4d89f3fdd9185ab496de4b2a981", size = 1629394, upload-time = "2025-04-03T20:36:22.256Z" },
    { url = "https://files.pythonhosted.org/packages/b7/e4/79ed7e4fa58f37c0f8b7c0a62361f7089b221fe85738ae2dbcfb815e985a/rapidfuzz-3.13.0-cp312-cp312-manylinux_2_17_s390x.manylinux2014_s390x.whl", hash = "sha256:e9d824de871daa6e443b39ff495a884931970d567eb0dfa213d234337343835f", size = 1600544, upload-time = "2025-04-03T20:36:24.207Z" },
    { url = "https://files.pythonhosted.org/packages/4e/20/e62b4d13ba851b0f36370060025de50a264d625f6b4c32899085ed51f980/rapidfuzz-3.13.0-cp312-cp312-manylinux_2_17_x86_64.manylinux2014_x86_64.whl", hash = "sha256:2d18228a2390375cf45726ce1af9d36ff3dc1f11dce9775eae1f1b13ac6ec50f", size = 3052796, upload-time = "2025-04-03T20:36:26.279Z" },
    { url = "https://files.pythonhosted.org/packages/cd/8d/55fdf4387dec10aa177fe3df8dbb0d5022224d95f48664a21d6b62a5299d/rapidfuzz-3.13.0-cp312-cp312-musllinux_1_2_aarch64.whl", hash = "sha256:9f5fe634c9482ec5d4a6692afb8c45d370ae86755e5f57aa6c50bfe4ca2bdd87", size = 2464016, upload-time = "2025-04-03T20:36:28.525Z" },
    { url = "https://files.pythonhosted.org/packages/9b/be/0872f6a56c0f473165d3b47d4170fa75263dc5f46985755aa9bf2bbcdea1/rapidfuzz-3.13.0-cp312-cp312-musllinux_1_2_i686.whl", hash = "sha256:694eb531889f71022b2be86f625a4209c4049e74be9ca836919b9e395d5e33b3", size = 7556725, upload-time = "2025-04-03T20:36:30.629Z" },
    { url = "https://files.pythonhosted.org/packages/5d/f3/6c0750e484d885a14840c7a150926f425d524982aca989cdda0bb3bdfa57/rapidfuzz-3.13.0-cp312-cp312-musllinux_1_2_ppc64le.whl", hash = "sha256:11b47b40650e06147dee5e51a9c9ad73bb7b86968b6f7d30e503b9f8dd1292db", size = 2859052, upload-time = "2025-04-03T20:36:32.836Z" },
    { url = "https://files.pythonhosted.org/packages/6f/98/5a3a14701b5eb330f444f7883c9840b43fb29c575e292e09c90a270a6e07/rapidfuzz-3.13.0-cp312-cp312-musllinux_1_2_s390x.whl", hash = "sha256:98b8107ff14f5af0243f27d236bcc6e1ef8e7e3b3c25df114e91e3a99572da73", size = 3390219, upload-time = "2025-04-03T20:36:35.062Z" },
    { url = "https://files.pythonhosted.org/packages/e9/7d/f4642eaaeb474b19974332f2a58471803448be843033e5740965775760a5/rapidfuzz-3.13.0-cp312-cp312-musllinux_1_2_x86_64.whl", hash = "sha256:b836f486dba0aceb2551e838ff3f514a38ee72b015364f739e526d720fdb823a", size = 4377924, upload-time = "2025-04-03T20:36:37.363Z" },
    { url = "https://files.pythonhosted.org/packages/8e/83/fa33f61796731891c3e045d0cbca4436a5c436a170e7f04d42c2423652c3/rapidfuzz-3.13.0-cp312-cp312-win32.whl", hash = "sha256:4671ee300d1818d7bdfd8fa0608580d7778ba701817216f0c17fb29e6b972514", size = 1823915, upload-time = "2025-04-03T20:36:39.451Z" },
    { url = "https://files.pythonhosted.org/packages/03/25/5ee7ab6841ca668567d0897905eebc79c76f6297b73bf05957be887e9c74/rapidfuzz-3.13.0-cp312-cp312-win_amd64.whl", hash = "sha256:6e2065f68fb1d0bf65adc289c1bdc45ba7e464e406b319d67bb54441a1b9da9e", size = 1616985, upload-time = "2025-04-03T20:36:41.631Z" },
    { url = "https://files.pythonhosted.org/packages/76/5e/3f0fb88db396cb692aefd631e4805854e02120a2382723b90dcae720bcc6/rapidfuzz-3.13.0-cp312-cp312-win_arm64.whl", hash = "sha256:65cc97c2fc2c2fe23586599686f3b1ceeedeca8e598cfcc1b7e56dc8ca7e2aa7", size = 860116, upload-time = "2025-04-03T20:36:43.915Z" },
    { url = "https://files.pythonhosted.org/packages/0a/76/606e71e4227790750f1646f3c5c873e18d6cfeb6f9a77b2b8c4dec8f0f66/rapidfuzz-3.13.0-cp313-cp313-macosx_10_13_x86_64.whl", hash = "sha256:09e908064d3684c541d312bd4c7b05acb99a2c764f6231bd507d4b4b65226c23", size = 1982282, upload-time = "2025-04-03T20:36:46.149Z" },
    { url = "https://files.pythonhosted.org/packages/0a/f5/d0b48c6b902607a59fd5932a54e3518dae8223814db8349b0176e6e9444b/rapidfuzz-3.13.0-cp313-cp313-macosx_11_0_arm64.whl", hash = "sha256:57c390336cb50d5d3bfb0cfe1467478a15733703af61f6dffb14b1cd312a6fae", size = 1439274, upload-time = "2025-04-03T20:36:48.323Z" },
    { url = "https://files.pythonhosted.org/packages/59/cf/c3ac8c80d8ced6c1f99b5d9674d397ce5d0e9d0939d788d67c010e19c65f/rapidfuzz-3.13.0-cp313-cp313-manylinux_2_17_aarch64.manylinux2014_aarch64.whl", hash = "sha256:0da54aa8547b3c2c188db3d1c7eb4d1bb6dd80baa8cdaeaec3d1da3346ec9caa", size = 1399854, upload-time = "2025-04-03T20:36:50.294Z" },
    { url = "https://files.pythonhosted.org/packages/09/5d/ca8698e452b349c8313faf07bfa84e7d1c2d2edf7ccc67bcfc49bee1259a/rapidfuzz-3.13.0-cp313-cp313-manylinux_2_17_i686.manylinux2014_i686.whl", hash = "sha256:df8e8c21e67afb9d7fbe18f42c6111fe155e801ab103c81109a61312927cc611", size = 5308962, upload-time = "2025-04-03T20:36:52.421Z" },
    { url = "https://files.pythonhosted.org/packages/66/0a/bebada332854e78e68f3d6c05226b23faca79d71362509dbcf7b002e33b7/rapidfuzz-3.13.0-cp313-cp313-manylinux_2_17_ppc64le.manylinux2014_ppc64le.whl", hash = "sha256:461fd13250a2adf8e90ca9a0e1e166515cbcaa5e9c3b1f37545cbbeff9e77f6b", size = 1625016, upload-time = "2025-04-03T20:36:54.639Z" },
    { url = "https://files.pythonhosted.org/packages/de/0c/9e58d4887b86d7121d1c519f7050d1be5eb189d8a8075f5417df6492b4f5/rapidfuzz-3.13.0-cp313-cp313-manylinux_2_17_s390x.manylinux2014_s390x.whl", hash = "sha256:c2b3dd5d206a12deca16870acc0d6e5036abeb70e3cad6549c294eff15591527", size = 1600414, upload-time = "2025-04-03T20:36:56.669Z" },
    { url = "https://files.pythonhosted.org/packages/9b/df/6096bc669c1311568840bdcbb5a893edc972d1c8d2b4b4325c21d54da5b1/rapidfuzz-3.13.0-cp313-cp313-manylinux_2_17_x86_64.manylinux2014_x86_64.whl", hash = "sha256:1343d745fbf4688e412d8f398c6e6d6f269db99a54456873f232ba2e7aeb4939", size = 3053179, upload-time = "2025-04-03T20:36:59.366Z" },
    { url = "https://files.pythonhosted.org/packages/f9/46/5179c583b75fce3e65a5cd79a3561bd19abd54518cb7c483a89b284bf2b9/rapidfuzz-3.13.0-cp313-cp313-musllinux_1_2_aarch64.whl", hash = "sha256:b1b065f370d54551dcc785c6f9eeb5bd517ae14c983d2784c064b3aa525896df", size = 2456856, upload-time = "2025-04-03T20:37:01.708Z" },
    { url = "https://files.pythonhosted.org/packages/6b/64/e9804212e3286d027ac35bbb66603c9456c2bce23f823b67d2f5cabc05c1/rapidfuzz-3.13.0-cp313-cp313-musllinux_1_2_i686.whl", hash = "sha256:11b125d8edd67e767b2295eac6eb9afe0b1cdc82ea3d4b9257da4b8e06077798", size = 7567107, upload-time = "2025-04-03T20:37:04.521Z" },
    { url = "https://files.pythonhosted.org/packages/8a/f2/7d69e7bf4daec62769b11757ffc31f69afb3ce248947aadbb109fefd9f65/rapidfuzz-3.13.0-cp313-cp313-musllinux_1_2_ppc64le.whl", hash = "sha256:c33f9c841630b2bb7e69a3fb5c84a854075bb812c47620978bddc591f764da3d", size = 2854192, upload-time = "2025-04-03T20:37:06.905Z" },
    { url = "https://files.pythonhosted.org/packages/05/21/ab4ad7d7d0f653e6fe2e4ccf11d0245092bef94cdff587a21e534e57bda8/rapidfuzz-3.13.0-cp313-cp313-musllinux_1_2_s390x.whl", hash = "sha256:ae4574cb66cf1e85d32bb7e9ec45af5409c5b3970b7ceb8dea90168024127566", size = 3398876, upload-time = "2025-04-03T20:37:09.692Z" },
    { url = "https://files.pythonhosted.org/packages/0f/a8/45bba94c2489cb1ee0130dcb46e1df4fa2c2b25269e21ffd15240a80322b/rapidfuzz-3.13.0-cp313-cp313-musllinux_1_2_x86_64.whl", hash = "sha256:e05752418b24bbd411841b256344c26f57da1148c5509e34ea39c7eb5099ab72", size = 4377077, upload-time = "2025-04-03T20:37:11.929Z" },
    { url = "https://files.pythonhosted.org/packages/0c/f3/5e0c6ae452cbb74e5436d3445467447e8c32f3021f48f93f15934b8cffc2/rapidfuzz-3.13.0-cp313-cp313-win32.whl", hash = "sha256:0e1d08cb884805a543f2de1f6744069495ef527e279e05370dd7c83416af83f8", size = 1822066, upload-time = "2025-04-03T20:37:14.425Z" },
    { url = "https://files.pythonhosted.org/packages/96/e3/a98c25c4f74051df4dcf2f393176b8663bfd93c7afc6692c84e96de147a2/rapidfuzz-3.13.0-cp313-cp313-win_amd64.whl", hash = "sha256:9a7c6232be5f809cd39da30ee5d24e6cadd919831e6020ec6c2391f4c3bc9264", size = 1615100, upload-time = "2025-04-03T20:37:16.611Z" },
    { url = "https://files.pythonhosted.org/packages/60/b1/05cd5e697c00cd46d7791915f571b38c8531f714832eff2c5e34537c49ee/rapidfuzz-3.13.0-cp313-cp313-win_arm64.whl", hash = "sha256:3f32f15bacd1838c929b35c84b43618481e1b3d7a61b5ed2db0291b70ae88b53", size = 858976, upload-time = "2025-04-03T20:37:19.336Z" },
]

[[package]]
name = "rich"
version = "14.0.0"
source = { registry = "https://pypi.org/simple" }
dependencies = [
    { name = "markdown-it-py" },
    { name = "pygments" },
]
sdist = { url = "https://files.pythonhosted.org/packages/a1/53/830aa4c3066a8ab0ae9a9955976fb770fe9c6102117c8ec4ab3ea62d89e8/rich-14.0.0.tar.gz", hash = "sha256:82f1bc23a6a21ebca4ae0c45af9bdbc492ed20231dcb63f297d6d1021a9d5725", size = 224078, upload-time = "2025-03-30T14:15:14.23Z" }
wheels = [
    { url = "https://files.pythonhosted.org/packages/0d/9b/63f4c7ebc259242c89b3acafdb37b41d1185c07ff0011164674e9076b491/rich-14.0.0-py3-none-any.whl", hash = "sha256:1c9491e1951aac09caffd42f448ee3d04e58923ffe14993f6e83068dc395d7e0", size = 243229, upload-time = "2025-03-30T14:15:12.283Z" },
]

[[package]]
name = "technical-interviews"
version = "0.1.0"
source = { virtual = "." }
dependencies = [
    { name = "fuzzywuzzy" },
    { name = "python-levenshtein" },
    { name = "rich" },
]

[package.metadata]
requires-dist = [
    { name = "fuzzywuzzy", specifier = ">=0.18.0" },
    { name = "python-levenshtein", specifier = ">=0.27.1" },
    { name = "rich", specifier = ">=14.0.0" },
]
